{
  "name": "alphabetical-number",
  "version": "1.0.0",
  "lockfileVersion": 3,
  "requires": true,
  "packages": {
    "": {
      "name": "alphabetical-number",
      "version": "1.0.0",
      "license": "MIT",
      "dependencies": {
        "written-number-js": "^0.11.2"
      }
    },
    "node_modules/written-number-js": {
      "version": "0.11.2",
      "resolved": "https://registry.npmjs.org/written-number-js/-/written-number-js-0.11.2.tgz",
      "integrity": "sha512-8LmYCAHaJaRn2g6KyS6+KdAJSf/x9ttS2ssKQcKlWvCUAwrcgs7JVzJWcKlEUCt9UDmKKA6pM8t30/wTmEAI+w=="
    }
  }
}
